
Microsoft Visual Studio Solution File, Format Version 12.00
# Visual Studio 2012
Project("{FAE04EC0-301F-11D3-BF4B-00C04F79EFBC}") = "COMAFFORDemo", "COMAFFORDemo\COMAFFORDemo.csproj", "{D72235E6-4D1A-43CD-A9B0-55075AB6EC55}"
EndProject
Global
	GlobalSection(SolutionConfigurationPlatforms) = preSolution
		Debug|Any CPU = Debug|Any CPU
		Release|Any CPU = Release|Any CPU
	EndGlobalSection
	GlobalSection(ProjectConfigurationPlatforms) = postSolution
		{D72235E6-4D1A-43CD-A9B0-55075AB6EC55}.Debug|Any CPU.ActiveCfg = Debug|Any CPU
		{D72235E6-4D1A-43CD-A9B0-55075AB6EC55}.Debug|Any CPU.Build.0 = Debug|Any CPU
		{D72235E6-4D1A-43CD-A9B0-55075AB6EC55}.Release|Any CPU.ActiveCfg = Release|Any CPU
		{D72235E6-4D1A-43CD-A9B0-55075AB6EC55}.Release|Any CPU.Build.0 = Release|Any CPU
	EndGlobalSection
	GlobalSection(SolutionProperties) = preSolution
		HideSolutionNode = FALSE
	EndGlobalSection
EndGlobal
